<Solution>
  <Project Path="../39 classes/39 classes and class functions.csproj" />
  <Project Path="../40 class fields/40 class fields.csproj" />
  <Project Path="../41 class variables (function scope)/41 class variables (function scope).csproj" />
  <Project Path="38 structures.csproj" />
</Solution>
